// !$*UTF8*$!
{
	archiveVersion = 1;
	classes = {
	};
	objectVersion = 77;
	objects = {

/* Begin PBXBuildFile section */
		187A84F62FF6EBAB00C191BF /* libsqlite3.tbd in Frameworks */ = {isa = PBXBuildFile; fileRef = 187A84F52FF6EBAB00C191BF /* libsqlite3.tbd */; };
/* End PBXBuildFile section */

/* Begin PBXContainerItemProxy section */
		1866CD372FF6E998007E70EE /* PBXContainerItemProxy */ = {
			isa = PBXContainerItemProxy;
			containerPortal = 1866CD1E2FF6E996007E70EE /* Project object */;
			proxyType = 1;
			remoteGlobalIDString = 1866CD252FF6E996007E70EE;
			remoteInfo = PokopiaApp;
		};
		1866CD412FF6E998007E70EE /* PBXContainerItemProxy */ = {
			isa = PBXContainerItemProxy;
			containerPortal = 1866CD1E2FF6E996007E70EE /* Project object */;
			proxyType = 1;
			remoteGlobalIDString = 1866CD252FF6E996007E70EE;
			remoteInfo = PokopiaApp;
		};
/* End PBXContainerItemProxy section */

/* Begin PBXFileReference section */
		1866CD262FF6E996007E70EE /* PokopiaApp.app */ = {isa = PBXFileReference; explicitFileType = wrapper.application; includeInIndex = 0; path = PokopiaApp.app; sourceTree = BUILT_PRODUCTS_DIR; };
		1866CD362FF6E998007E70EE /* PokopiaAppTests.xctest */ = {isa = PBXFileReference; explicitFileType = wrapper.cfbundle; includeInIndex = 0; path = PokopiaAppTests.xctest; sourceTree = BUILT_PRODUCTS_DIR; };
		1866CD402FF6E998007E70EE /* PokopiaAppUITests.xctest */ = {isa = PBXFileReference; explicitFileType = wrapper.cfbundle; includeInIndex = 0; path = PokopiaAppUITests.xctest; sourceTree = BUILT_PRODUCTS_DIR; };
		187A84F52FF6EBAB00C191BF /* libsqlite3.tbd */ = {isa = PBXFileReference; lastKnownFileType = "sourcecode.text-based-dylib-definition"; name = libsqlite3.tbd; path = usr/lib/libsqlite3.tbd; sourceTree = SDKROOT; };
/* End PBXFileReference section */

/* Begin PBXFileSystemSynchronizedRootGroup section */
		1866CD282FF6E996007E70EE /* PokopiaApp */ = {
			isa = PBXFileSystemSynchronizedRootGroup;
			path = PokopiaApp;
			sourceTree = "<group>";
		};
		1866CD392FF6E998007E70EE /* PokopiaAppTests */ = {
			isa = PBXFileSystemSynchronizedRootGroup;
			path = PokopiaAppTests;
			sourceTree = "<group>";
		};
		1866CD432FF6E998007E70EE /* PokopiaAppUITests */ = {
			isa = PBXFileSystemSynchronizedRootGroup;
			path = PokopiaAppUITests;
			sourceTree = "<group>";
		};
/* End PBXFileSystemSynchronizedRootGroup section */

/* Begin PBXFrameworksBuildPhase section */
		1866CD232FF6E996007E70EE /* Frameworks */ = {
			isa = PBXFrameworksBuildPhase;
			buildActionMask = 2147483647;
			files = (
				187A84F62FF6EBAB00C191BF /* libsqlite3.tbd in Frameworks */,
			);
			runOnlyForDeploymentPostprocessing = 0;
		};
		1866CD332FF6E998007E70EE /* Frameworks */ = {
			isa = PBXFrameworksBuildPhase;
			buildActionMask = 2147483647;
			files = (
			);
			runOnlyForDeploymentPostprocessing = 0;
		};
		1866CD3D2FF6E998007E70EE /* Frameworks */ = {
			isa = PBXFrameworksBuildPhase;
			buildActionMask = 2147483647;
			files = (
			);
			runOnlyForDeploymentPostprocessing = 0;
		};
/* End PBXFrameworksBuildPhase section */

/* Begin PBXGroup section */
		1866CD1D2FF6E996007E70EE = {
			isa = PBXGroup;
			children = (
				1866CD282FF6E996007E70EE /* PokopiaApp */,
				1866CD392FF6E998007E70EE /* PokopiaAppTests */,
				1866CD432FF6E998007E70EE /* PokopiaAppUITests */,
				187A84F42FF6EBAA00C191BF /* Frameworks */,
				1866CD272FF6E996007E70EE /* Products */,
			);
			sourceTree = "<group>";
		};
		1866CD272FF6E996007E70EE /* Products */ = {
			isa = PBXGroup;
			children = (
				1866CD262FF6E996007E70EE /* PokopiaApp.app */,
				1866CD362FF6E998007E70EE /* PokopiaAppTests.xctest */,
				1866CD402FF6E998007E70EE /* PokopiaAppUITests.xctest */,
			);
			name = Products;
			sourceTree = "<group>";
		};
		187A84F42FF6EBAA00C191BF /* Frameworks */ = {
			isa = PBXGroup;
			children = (
				187A84F52FF6EBAB00C191BF /* libsqlite3.tbd */,
			);
			name = Frameworks;
			sourceTree = "<group>";
		};
/* End PBXGroup section */

/* Begin PBXNativeTarget section */
		1866CD252FF6E996007E70EE /* PokopiaApp */ = {
			isa = PBXNativeTarget;
			buildConfigurationList = 1866CD4A2FF6E998007E70EE /* Build configuration list for PBXNativeTarget "PokopiaApp" */;
			buildPhases = (
				1866CD222FF6E996007E70EE /* Sources */,
				1866CD232FF6E996007E70EE /* Frameworks */,
				1866CD242FF6E996007E70EE /* Resources */,
			);
			buildRules = (
			);
			dependencies = (
			);
			fileSystemSynchronizedGroups = (
				1866CD282FF6E996007E70EE /* PokopiaApp */,
			);
			name = PokopiaApp;
			packageProductDependencies = (
			);
			productName = PokopiaApp;
			productReference = 1866CD262FF6E996007E70EE /* PokopiaApp.app */;
			productType = "com.apple.product-type.application";
		};
		1866CD352FF6E998007E70EE /* PokopiaAppTests */ = {
			isa = PBXNativeTarget;
			buildConfigurationList = 1866CD4D2FF6E998007E70EE /* Build configuration list for PBXNativeTarget "PokopiaAppTests" */;
			buildPhases = (
				1866CD322FF6E998007E70EE /* Sources */,
				1866CD332FF6E998007E70EE /* Frameworks */,
				1866CD342FF6E998007E70EE /* Resources */,
			);
			buildRules = (
			);
			dependencies = (
				1866CD382FF6E998007E70EE /* PBXTargetDependency */,
			);
			fileSystemSynchronizedGroups = (
				1866CD392FF6E998007E70EE /* PokopiaAppTests */,
			);
			name = PokopiaAppTests;
			packageProductDependencies = (
			);
			productName = PokopiaAppTests;
			productReference = 1866CD362FF6E998007E70EE /* PokopiaAppTests.xctest */;
			productType = "com.apple.product-type.bundle.unit-test";
		};
		1866CD3F2FF6E998007E70EE /* PokopiaAppUITests */ = {
			isa = PBXNativeTarget;
			buildConfigurationList = 1866CD502FF6E998007E70EE /* Build configuration list for PBXNativeTarget "PokopiaAppUITests" */;
			buildPhases = (
				1866CD3C2FF6E998007E70EE /* Sources */,
				1866CD3D2FF6E998007E70EE /* Frameworks */,
				1866CD3E2FF6E998007E70EE /* Resources */,
			);
			buildRules = (
			);
			dependencies = (
				1866CD422FF6E998007E70EE /* PBXTargetDependency */,
			);
			fileSystemSynchronizedGroups = (
				1866CD432FF6E998007E70EE /* PokopiaAppUITests */,
			);
			name = PokopiaAppUITests;
			packageProductDependencies = (
			);
			productName = PokopiaAppUITests;
			productReference = 1866CD402FF6E998007E70EE /* PokopiaAppUITests.xctest */;
			productType = "com.apple.product-type.bundle.ui-testing";
		};
/* End PBXNativeTarget section */

/* Begin PBXProject section */
		1866CD1E2FF6E996007E70EE /* Project object */ = {
			isa = PBXProject;
			attributes = {
				BuildIndependentTargetsInParallel = 1;
				LastSwiftUpdateCheck = 1610;
				LastUpgradeCheck = 1610;
				TargetAttributes = {
					1866CD252FF6E996007E70EE = {
						CreatedOnToolsVersion = 16.1;
					};
					1866CD352FF6E998007E70EE = {
						CreatedOnToolsVersion = 16.1;
						TestTargetID = 1866CD252FF6E996007E70EE;
					};
					1866CD3F2FF6E998007E70EE = {
						CreatedOnToolsVersion = 16.1;
						TestTargetID = 1866CD252FF6E996007E70EE;
					};
				};
			};
			buildConfigurationList = 1866CD212FF6E996007E70EE /* Build configuration list for PBXProject "PokopiaApp" */;
			developmentRegion = en;
			hasScannedForEncodings = 0;
			knownRegions = (
				en,
				Base,
			);
			mainGroup = 1866CD1D2FF6E996007E70EE;
			minimizedProjectReferenceProxies = 1;
			preferredProjectObjectVersion = 77;
			productRefGroup = 1866CD272FF6E996007E70EE /* Products */;
			projectDirPath = "";
			projectRoot = "";
			targets = (
				1866CD252FF6E996007E70EE /* PokopiaApp */,
				1866CD352FF6E998007E70EE /* PokopiaAppTests */,
				1866CD3F2FF6E998007E70EE /* PokopiaAppUITests */,
			);
		};
/* End PBXProject section */

/* Begin PBXResourcesBuildPhase section */
		1866CD242FF6E996007E70EE /* Resources */ = {
			isa = PBXResourcesBuildPhase;
			buildActionMask = 2147483647;
			files = (
			);
			runOnlyForDeploymentPostprocessing = 0;
		};
		1866CD342FF6E998007E70EE /* Resources */ = {
			isa = PBXResourcesBuildPhase;
			buildActionMask = 2147483647;
			files = (
			);
			runOnlyForDeploymentPostprocessing = 0;
		};
		1866CD3E2FF6E998007E70EE /* Resources */ = {
			isa = PBXResourcesBuildPhase;
			buildActionMask = 2147483647;
			files = (
			);
			runOnlyForDeploymentPostprocessing = 0;
		};
/* End PBXResourcesBuildPhase section */

/* Begin PBXSourcesBuildPhase section */
		1866CD222FF6E996007E70EE /* Sources */ = {
			isa = PBXSourcesBuildPhase;
			buildActionMask = 2147483647;
			files = (
			);
			runOnlyForDeploymentPostprocessing = 0;
		};
		1866CD322FF6E998007E70EE /* Sources */ = {
			isa = PBXSourcesBuildPhase;
			buildActionMask = 2147483647;
			files = (
			);
			runOnlyForDeploymentPostprocessing = 0;
		};
		1866CD3C2FF6E998007E70EE /* Sources */ = {
			isa = PBXSourcesBuildPhase;
			buildActionMask = 2147483647;
			files = (
			);
			runOnlyForDeploymentPostprocessing = 0;
		};
/* End PBXSourcesBuildPhase section */

/* Begin PBXTargetDependency section */
		1866CD382FF6E998007E70EE /* PBXTargetDependency */ = {
			isa = PBXTargetDependency;
			target = 1866CD252FF6E996007E70EE /* PokopiaApp */;
			targetProxy = 1866CD372FF6E998007E70EE /* PBXContainerItemProxy */;
		};
		1866CD422FF6E998007E70EE /* PBXTargetDependency */ = {
			isa = PBXTargetDependency;
			target = 1866CD252FF6E996007E70EE /* PokopiaApp */;
			targetProxy = 1866CD412FF6E998007E70EE /* PBXContainerItemProxy */;
		};
/* End PBXTargetDependency section */

/* Begin XCBuildConfiguration section */
		1866CD482FF6E998007E70EE /* Debug */ = {
			isa = XCBuildConfiguration;
			buildSettings = {
				ALWAYS_SEARCH_USER_PATHS = NO;
				ASSETCATALOG_COMPILER_GENERATE_SWIFT_ASSET_SYMBOL_EXTENSIONS = YES;
				CLANG_ANALYZER_NONNULL = YES;
				CLANG_ANALYZER_NUMBER_OBJECT_CONVERSION = YES_AGGRESSIVE;
				CLANG_CXX_LANGUAGE_STANDARD = "gnu++20";
				CLANG_ENABLE_MODULES = YES;
				CLANG_ENABLE_OBJC_ARC = YES;
				CLANG_ENABLE_OBJC_WEAK = YES;
				CLANG_WARN_BLOCK_CAPTURE_AUTORELEASING = YES;
				CLANG_WARN_BOOL_CONVERSION = YES;
				CLANG_WARN_COMMA = YES;
				CLANG_WARN_CONSTANT_CONVERSION = YES;
				CLANG_WARN_DEPRECATED_OBJC_IMPLEMENTATIONS = YES;
				CLANG_WARN_DIRECT_OBJC_ISA_USAGE = YES_ERROR;
				CLANG_WARN_DOCUMENTATION_COMMENTS = YES;
				CLANG_WARN_EMPTY_BODY = YES;
				CLANG_WARN_ENUM_CONVERSION = YES;
				CLANG_WARN_INFINITE_RECURSION = YES;
				CLANG_WARN_INT_CONVERSION = YES;
				CLANG_WARN_NON_LITERAL_NULL_CONVERSION = YES;
				CLANG_WARN_OBJC_IMPLICIT_RETAIN_SELF = YES;
				CLANG_WARN_OBJC_LITERAL_CONVERSION = YES;
				CLANG_WARN_OBJC_ROOT_CLASS = YES_ERROR;
				CLANG_WARN_QUOTED_INCLUDE_IN_FRAMEWORK_HEADER = YES;
				CLANG_WARN_RANGE_LOOP_ANALYSIS = YES;
				CLANG_WARN_STRICT_PROTOTYPES = YES;
				CLANG_WARN_SUSPICIOUS_MOVE = YES;
				CLANG_WARN_UNGUARDED_AVAILABILITY = YES_AGGRESSIVE;
				CLANG_WARN_UNREACHABLE_CODE = YES;
				CLANG_WARN__DUPLICATE_METHOD_MATCH = YES;
				COPY_PHASE_STRIP = NO;
				DEBUG_INFORMATION_FORMAT = dwarf;
				ENABLE_STRICT_OBJC_MSGSEND = YES;
				ENABLE_TESTABILITY = YES;
				ENABLE_USER_SCRIPT_SANDBOXING = YES;
				GCC_C_LANGUAGE_STANDARD = gnu17;
				GCC_DYNAMIC_NO_PIC = NO;
				GCC_NO_COMMON_BLOCKS = YES;
				GCC_OPTIMIZATION_LEVEL = 0;
				GCC_PREPROCESSOR_DEFINITIONS = (
					"DEBUG=1",
					"$(inherited)",
				);
				GCC_WARN_64_TO_32_BIT_CONVERSION = YES;
				GCC_WARN_ABOUT_RETURN_TYPE = YES_ERROR;
				GCC_WARN_UNDECLARED_SELECTOR = YES;
				GCC_WARN_UNINITIALIZED_AUTOS = YES_AGGRESSIVE;
				GCC_WARN_UNUSED_FUNCTION = YES;
				GCC_WARN_UNUSED_VARIABLE = YES;
				IPHONEOS_DEPLOYMENT_TARGET = 18.1;
				LOCALIZATION_PREFERS_STRING_CATALOGS = YES;
				MTL_ENABLE_DEBUG_INFO = INCLUDE_SOURCE;
				MTL_FAST_MATH = YES;
				ONLY_ACTIVE_ARCH = YES;
				SDKROOT = iphoneos;
				SWIFT_ACTIVE_COMPILATION_CONDITIONS = "DEBUG $(inherited)";
				SWIFT_OPTIMIZATION_LEVEL = "-Onone";
			};
			name = Debug;
		};
		1866CD492FF6E998007E70EE /* Release */ = {
			isa = XCBuildConfiguration;
			buildSettings = {
				ALWAYS_SEARCH_USER_PATHS = NO;
				ASSETCATALOG_COMPILER_GENERATE_SWIFT_ASSET_SYMBOL_EXTENSIONS = YES;
				CLANG_ANALYZER_NONNULL = YES;
				CLANG_ANALYZER_NUMBER_OBJECT_CONVERSION = YES_AGGRESSIVE;
				CLANG_CXX_LANGUAGE_STANDARD = "gnu++20";
				CLANG_ENABLE_MODULES = YES;
				CLANG_ENABLE_OBJC_ARC = YES;
				CLANG_ENABLE_OBJC_WEAK = YES;
				CLANG_WARN_BLOCK_CAPTURE_AUTORELEASING = YES;
				CLANG_WARN_BOOL_CONVERSION = YES;
				CLANG_WARN_COMMA = YES;
				CLANG_WARN_CONSTANT_CONVERSION = YES;
				CLANG_WARN_DEPRECATED_OBJC_IMPLEMENTATIONS = YES;
				CLANG_WARN_DIRECT_OBJC_ISA_USAGE = YES_ERROR;
				CLANG_WARN_DOCUMENTATION_COMMENTS = YES;
				CLANG_WARN_EMPTY_BODY = YES;
				CLANG_WARN_ENUM_CONVERSION = YES;
				CLANG_WARN_INFINITE_RECURSION = YES;
				CLANG_WARN_INT_CONVERSION = YES;
				CLANG_WARN_NON_LITERAL_NULL_CONVERSION = YES;
				CLANG_WARN_OBJC_IMPLICIT_RETAIN_SELF = YES;
				CLANG_WARN_OBJC_LITERAL_CONVERSION = YES;
				CLANG_WARN_OBJC_ROOT_CLASS = YES_ERROR;
				CLANG_WARN_QUOTED_INCLUDE_IN_FRAMEWORK_HEADER = YES;
				CLANG_WARN_RANGE_LOOP_ANALYSIS = YES;
				CLANG_WARN_STRICT_PROTOTYPES = YES;
				CLANG_WARN_SUSPICIOUS_MOVE = YES;
				CLANG_WARN_UNGUARDED_AVAILABILITY = YES_AGGRESSIVE;
				CLANG_WARN_UNREACHABLE_CODE = YES;
				CLANG_WARN__DUPLICATE_METHOD_MATCH = YES;
				COPY_PHASE_STRIP = NO;
				DEBUG_INFORMATION_FORMAT = "dwarf-with-dsym";
				ENABLE_NS_ASSERTIONS = NO;
				ENABLE_STRICT_OBJC_MSGSEND = YES;
				ENABLE_USER_SCRIPT_SANDBOXING = YES;
				GCC_C_LANGUAGE_STANDARD = gnu17;
				GCC_NO_COMMON_BLOCKS = YES;
				GCC_WARN_64_TO_32_BIT_CONVERSION = YES;
				GCC_WARN_ABOUT_RETURN_TYPE = YES_ERROR;
				GCC_WARN_UNDECLARED_SELECTOR = YES;
				GCC_WARN_UNINITIALIZED_AUTOS = YES_AGGRESSIVE;
				GCC_WARN_UNUSED_FUNCTION = YES;
				GCC_WARN_UNUSED_VARIABLE = YES;
				IPHONEOS_DEPLOYMENT_TARGET = 18.1;
				LOCALIZATION_PREFERS_STRING_CATALOGS = YES;
				MTL_ENABLE_DEBUG_INFO = NO;
				MTL_FAST_MATH = YES;
				SDKROOT = iphoneos;
				SWIFT_COMPILATION_MODE = wholemodule;
				VALIDATE_PRODUCT = YES;
			};
			name = Release;
		};
		1866CD4B2FF6E998007E70EE /* Debug */ = {
			isa = XCBuildConfiguration;
			buildSettings = {
				ASSETCATALOG_COMPILER_APPICON_NAME = AppIcon;
				ASSETCATALOG_COMPILER_GLOBAL_ACCENT_COLOR_NAME = AccentColor;
				CODE_SIGN_STYLE = Automatic;
				CURRENT_PROJECT_VERSION = 1;
				DEVELOPMENT_ASSET_PATHS = "\"PokopiaApp/Preview Content\"";
				DEVELOPMENT_TEAM = 2G69RXDZTJ;
				ENABLE_PREVIEWS = YES;
				GENERATE_INFOPLIST_FILE = YES;
				INFOPLIST_KEY_UIApplicationSceneManifest_Generation = YES;
				INFOPLIST_KEY_UIApplicationSupportsIndirectInputEvents = YES;
				INFOPLIST_KEY_UILaunchScreen_Generation = YES;
				INFOPLIST_KEY_UISupportedInterfaceOrientations_iPad = "UIInterfaceOrientationPortrait UIInterfaceOrientationPortraitUpsideDown UIInterfaceOrientationLandscapeLeft UIInterfaceOrientationLandscapeRight";
				INFOPLIST_KEY_UISupportedInterfaceOrientations_iPhone = "UIInterfaceOrientationPortrait UIInterfaceOrientationLandscapeLeft UIInterfaceOrientationLandscapeRight";
				LD_RUNPATH_SEARCH_PATHS = (
					"$(inherited)",
					"@executable_path/Frameworks",
				);
				MARKETING_VERSION = 1.0;
				PRODUCT_BUNDLE_IDENTIFIER = jamielai.PokopiaApp;
				PRODUCT_NAME = "$(TARGET_NAME)";
				SWIFT_EMIT_LOC_STRINGS = YES;
				"SWIFT_OBJC_BRIDGING_HEADER[arch=*]" = "PokopiaApp/Pokopia-Bridging-Header.h";
				SWIFT_VERSION = 5.0;
				TARGETED_DEVICE_FAMILY = "1,2";
			};
			name = Debug;
		};
		1866CD4C2FF6E998007E70EE /* Release */ = {
			isa = XCBuildConfiguration;
			buildSettings = {
				ASSETCATALOG_COMPILER_APPICON_NAME = AppIcon;
				ASSETCATALOG_COMPILER_GLOBAL_ACCENT_COLOR_NAME = AccentColor;
				CODE_SIGN_STYLE = Automatic;
				CURRENT_PROJECT_VERSION = 1;
				DEVELOPMENT_ASSET_PATHS = "\"PokopiaApp/Preview Content\"";
				DEVELOPMENT_TEAM = 2G69RXDZTJ;
				ENABLE_PREVIEWS = YES;
				GENERATE_INFOPLIST_FILE = YES;
				INFOPLIST_KEY_UIApplicationSceneManifest_Generation = YES;
				INFOPLIST_KEY_UIApplicationSupportsIndirectInputEvents = YES;
				INFOPLIST_KEY_UILaunchScreen_Generation = YES;
				INFOPLIST_KEY_UISupportedInterfaceOrientations_iPad = "UIInterfaceOrientationPortrait UIInterfaceOrientationPortraitUpsideDown UIInterfaceOrientationLandscapeLeft UIInterfaceOrientationLandscapeRight";
				INFOPLIST_KEY_UISupportedInterfaceOrientations_iPhone = "UIInterfaceOrientationPortrait UIInterfaceOrientationLandscapeLeft UIInterfaceOrientationLandscapeRight";
				LD_RUNPATH_SEARCH_PATHS = (
					"$(inherited)",
					"@executable_path/Frameworks",
				);
				MARKETING_VERSION = 1.0;
				PRODUCT_BUNDLE_IDENTIFIER = jamielai.PokopiaApp;
				PRODUCT_NAME = "$(TARGET_NAME)";
				SWIFT_EMIT_LOC_STRINGS = YES;
				"SWIFT_OBJC_BRIDGING_HEADER[arch=*]" = "PokopiaApp/Pokopia-Bridging-Header.h";
				SWIFT_VERSION = 5.0;
				TARGETED_DEVICE_FAMILY = "1,2";
			};
			name = Release;
		};
		1866CD4E2FF6E998007E70EE /* Debug */ = {
			isa = XCBuildConfiguration;
			buildSettings = {
				BUNDLE_LOADER = "$(TEST_HOST)";
				CODE_SIGN_STYLE = Automatic;
				CURRENT_PROJECT_VERSION = 1;
				DEVELOPMENT_TEAM = 2G69RXDZTJ;
				GENERATE_INFOPLIST_FILE = YES;
				IPHONEOS_DEPLOYMENT_TARGET = 18.1;
				MARKETING_VERSION = 1.0;
				PRODUCT_BUNDLE_IDENTIFIER = jamielai.PokopiaAppTests;
				PRODUCT_NAME = "$(TARGET_NAME)";
				SWIFT_EMIT_LOC_STRINGS = NO;
				SWIFT_VERSION = 5.0;
				TARGETED_DEVICE_FAMILY = "1,2";
				TEST_HOST = "$(BUILT_PRODUCTS_DIR)/PokopiaApp.app/$(BUNDLE_EXECUTABLE_FOLDER_PATH)/PokopiaApp";
			};
			name = Debug;
		};
		1866CD4F2FF6E998007E70EE /* Release */ = {
			isa = XCBuildConfiguration;
			buildSettings = {
				BUNDLE_LOADER = "$(TEST_HOST)";
				CODE_SIGN_STYLE = Automatic;
				CURRENT_PROJECT_VERSION = 1;
				DEVELOPMENT_TEAM = 2G69RXDZTJ;
				GENERATE_INFOPLIST_FILE = YES;
				IPHONEOS_DEPLOYMENT_TARGET = 18.1;
				MARKETING_VERSION = 1.0;
				PRODUCT_BUNDLE_IDENTIFIER = jamielai.PokopiaAppTests;
				PRODUCT_NAME = "$(TARGET_NAME)";
				SWIFT_EMIT_LOC_STRINGS = NO;
				SWIFT_VERSION = 5.0;
				TARGETED_DEVICE_FAMILY = "1,2";
				TEST_HOST = "$(BUILT_PRODUCTS_DIR)/PokopiaApp.app/$(BUNDLE_EXECUTABLE_FOLDER_PATH)/PokopiaApp";
			};
			name = Release;
		};
		1866CD512FF6E998007E70EE /* Debug */ = {
			isa = XCBuildConfiguration;
			buildSettings = {
				CODE_SIGN_STYLE = Automatic;
				CURRENT_PROJECT_VERSION = 1;
				DEVELOPMENT_TEAM = 2G69RXDZTJ;
				GENERATE_INFOPLIST_FILE = YES;
				MARKETING_VERSION = 1.0;
				PRODUCT_BUNDLE_IDENTIFIER = jamielai.PokopiaAppUITests;
				PRODUCT_NAME = "$(TARGET_NAME)";
				SWIFT_EMIT_LOC_STRINGS = NO;
				SWIFT_VERSION = 5.0;
				TARGETED_DEVICE_FAMILY = "1,2";
				TEST_TARGET_NAME = PokopiaApp;
			};
			name = Debug;
		};
		1866CD522FF6E998007E70EE /* Release */ = {
			isa = XCBuildConfiguration;
			buildSettings = {
				CODE_SIGN_STYLE = Automatic;
				CURRENT_PROJECT_VERSION = 1;
				DEVELOPMENT_TEAM = 2G69RXDZTJ;
				GENERATE_INFOPLIST_FILE = YES;
				MARKETING_VERSION = 1.0;
				PRODUCT_BUNDLE_IDENTIFIER = jamielai.PokopiaAppUITests;
				PRODUCT_NAME = "$(TARGET_NAME)";
				SWIFT_EMIT_LOC_STRINGS = NO;
				SWIFT_VERSION = 5.0;
				TARGETED_DEVICE_FAMILY = "1,2";
				TEST_TARGET_NAME = PokopiaApp;
			};
			name = Release;
		};
/* End XCBuildConfiguration section */

/* Begin XCConfigurationList section */
		1866CD212FF6E996007E70EE /* Build configuration list for PBXProject "PokopiaApp" */ = {
			isa = XCConfigurationList;
			buildConfigurations = (
				1866CD482FF6E998007E70EE /* Debug */,
				1866CD492FF6E998007E70EE /* Release */,
			);
			defaultConfigurationIsVisible = 0;
			defaultConfigurationName = Release;
		};
		1866CD4A2FF6E998007E70EE /* Build configuration list for PBXNativeTarget "PokopiaApp" */ = {
			isa = XCConfigurationList;
			buildConfigurations = (
				1866CD4B2FF6E998007E70EE /* Debug */,
				1866CD4C2FF6E998007E70EE /* Release */,
			);
			defaultConfigurationIsVisible = 0;
			defaultConfigurationName = Release;
		};
		1866CD4D2FF6E998007E70EE /* Build configuration list for PBXNativeTarget "PokopiaAppTests" */ = {
			isa = XCConfigurationList;
			buildConfigurations = (
				1866CD4E2FF6E998007E70EE /* Debug */,
				1866CD4F2FF6E998007E70EE /* Release */,
			);
			defaultConfigurationIsVisible = 0;
			defaultConfigurationName = Release;
		};
		1866CD502FF6E998007E70EE /* Build configuration list for PBXNativeTarget "PokopiaAppUITests" */ = {
			isa = XCConfigurationList;
			buildConfigurations = (
				1866CD512FF6E998007E70EE /* Debug */,
				1866CD522FF6E998007E70EE /* Release */,
			);
			defaultConfigurationIsVisible = 0;
			defaultConfigurationName = Release;
		};
/* End XCConfigurationList section */
	};
	rootObject = 1866CD1E2FF6E996007E70EE /* Project object */;
}
